// !$*UTF8*$!
{
	archiveVersion = 1;
	classes = {
	};
	objectVersion = 51;
	objects = {

/* Begin PBXBuildFile section */
		B504DB6925A88B6500F5AA62 /* yoga.json in Resources */ = {isa = PBXBuildFile; fileRef = B504DB6825A88B6500F5AA62 /* yoga.json */; };
		B5A087D325A87F2F00841445 /* _8_animatedSplashScreenApp.swift in Sources */ = {isa = PBXBuildFile; fileRef = B5A087D225A87F2F00841445 /* _8_animatedSplashScreenApp.swift */; };
		B5A087D525A87F2F00841445 /* ContentView.swift in Sources */ = {isa = PBXBuildFile; fileRef = B5A087D425A87F2F00841445 /* ContentView.swift */; };
		B5A087D725A87F3700841445 /* Assets.xcassets in Resources */ = {isa = PBXBuildFile; fileRef = B5A087D625A87F3700841445 /* Assets.xcassets */; };
		B5A087DA25A87F3700841445 /* Preview Assets.xcassets in Resources */ = {isa = PBXBuildFile; fileRef = B5A087D925A87F3700841445 /* Preview Assets.xcassets */; };
		B5A087E725A8823400841445 /* splash.json in Resources */ = {isa = PBXBuildFile; fileRef = B5A087E625A8823400841445 /* splash.json */; };
		C2EAC849332BB04D28BC5922 /* Pods_08_animatedSplashScreen.framework in Frameworks */ = {isa = PBXBuildFile; fileRef = 5E689C661E6F5404E9438FF7 /* Pods_08_animatedSplashScreen.framework */; };
/* End PBXBuildFile section */

/* Begin PBXFileReference section */
		509957A2ECA86F0D433EEE73 /* Pods-08_animatedSplashScreen.release.xcconfig */ = {isa = PBXFileReference; includeInIndex = 1; lastKnownFileType = text.xcconfig; name = "Pods-08_animatedSplashScreen.release.xcconfig"; path = "Target Support Files/Pods-08_animatedSplashScreen/Pods-08_animatedSplashScreen.release.xcconfig"; sourceTree = "<group>"; };
		5E689C661E6F5404E9438FF7 /* Pods_08_animatedSplashScreen.framework */ = {isa = PBXFileReference; explicitFileType = wrapper.framework; includeInIndex = 0; path = Pods_08_animatedSplashScreen.framework; sourceTree = BUILT_PRODUCTS_DIR; };
		B504DB6825A88B6500F5AA62 /* yoga.json */ = {isa = PBXFileReference; fileEncoding = 4; lastKnownFileType = text.json; path = yoga.json; sourceTree = "<group>"; };
		B5A087CF25A87F2F00841445 /* 08_animatedSplashScreen.app */ = {isa = PBXFileReference; explicitFileType = wrapper.application; includeInIndex = 0; path = 08_animatedSplashScreen.app; sourceTree = BUILT_PRODUCTS_DIR; };
		B5A087D225A87F2F00841445 /* _8_animatedSplashScreenApp.swift */ = {isa = PBXFileReference; lastKnownFileType = sourcecode.swift; path = _8_animatedSplashScreenApp.swift; sourceTree = "<group>"; };
		B5A087D425A87F2F00841445 /* ContentView.swift */ = {isa = PBXFileReference; lastKnownFileType = sourcecode.swift; path = ContentView.swift; sourceTree = "<group>"; };
		B5A087D625A87F3700841445 /* Assets.xcassets */ = {isa = PBXFileReference; lastKnownFileType = folder.assetcatalog; path = Assets.xcassets; sourceTree = "<group>"; };
		B5A087D925A87F3700841445 /* Preview Assets.xcassets */ = {isa = PBXFileReference; lastKnownFileType = folder.assetcatalog; path = "Preview Assets.xcassets"; sourceTree = "<group>"; };
		B5A087DB25A87F3700841445 /* Info.plist */ = {isa = PBXFileReference; lastKnownFileType = text.plist.xml; path = Info.plist; sourceTree = "<group>"; };
		B5A087E625A8823400841445 /* splash.json */ = {isa = PBXFileReference; fileEncoding = 4; lastKnownFileType = text.json; path = splash.json; sourceTree = "<group>"; };
		D6C06E4A231102B8D1EA69C3 /* Pods-08_animatedSplashScreen.debug.xcconfig */ = {isa = PBXFileReference; includeInIndex = 1; lastKnownFileType = text.xcconfig; name = "Pods-08_animatedSplashScreen.debug.xcconfig"; path = "Target Support Files/Pods-08_animatedSplashScreen/Pods-08_animatedSplashScreen.debug.xcconfig"; sourceTree = "<group>"; };
/* End PBXFileReference section */

/* Begin PBXFrameworksBuildPhase section */
		B5A087CC25A87F2F00841445 /* Frameworks */ = {
			isa = PBXFrameworksBuildPhase;
			buildActionMask = 2147483647;
			files = (
				C2EAC849332BB04D28BC5922 /* Pods_08_animatedSplashScreen.framework in Frameworks */,
			);
			runOnlyForDeploymentPostprocessing = 0;
		};
/* End PBXFrameworksBuildPhase section */

/* Begin PBXGroup section */
		82A736AC7D99FFFC81020926 /* Pods */ = {
			isa = PBXGroup;
			children = (
				D6C06E4A231102B8D1EA69C3 /* Pods-08_animatedSplashScreen.debug.xcconfig */,
				509957A2ECA86F0D433EEE73 /* Pods-08_animatedSplashScreen.release.xcconfig */,
			);
			path = Pods;
			sourceTree = "<group>";
		};
		8332D56500752C6D3C4D1CA1 /* Frameworks */ = {
			isa = PBXGroup;
			children = (
				5E689C661E6F5404E9438FF7 /* Pods_08_animatedSplashScreen.framework */,
			);
			name = Frameworks;
			sourceTree = "<group>";
		};
		B5A087C625A87F2F00841445 = {
			isa = PBXGroup;
			children = (
				B5A087D125A87F2F00841445 /* 08_animatedSplashScreen */,
				B5A087D025A87F2F00841445 /* Products */,
				82A736AC7D99FFFC81020926 /* Pods */,
				8332D56500752C6D3C4D1CA1 /* Frameworks */,
			);
			sourceTree = "<group>";
		};
		B5A087D025A87F2F00841445 /* Products */ = {
			isa = PBXGroup;
			children = (
				B5A087CF25A87F2F00841445 /* 08_animatedSplashScreen.app */,
			);
			name = Products;
			sourceTree = "<group>";
		};
		B5A087D125A87F2F00841445 /* 08_animatedSplashScreen */ = {
			isa = PBXGroup;
			children = (
				B5A087E625A8823400841445 /* splash.json */,
				B504DB6825A88B6500F5AA62 /* yoga.json */,
				B5A087D225A87F2F00841445 /* _8_animatedSplashScreenApp.swift */,
				B5A087D425A87F2F00841445 /* ContentView.swift */,
				B5A087D625A87F3700841445 /* Assets.xcassets */,
				B5A087DB25A87F3700841445 /* Info.plist */,
				B5A087D825A87F3700841445 /* Preview Content */,
			);
			path = 08_animatedSplashScreen;
			sourceTree = "<group>";
		};
		B5A087D825A87F3700841445 /* Preview Content */ = {
			isa = PBXGroup;
			children = (
				B5A087D925A87F3700841445 /* Preview Assets.xcassets */,
			);
			path = "Preview Content";
			sourceTree = "<group>";
		};
/* End PBXGroup section */

/* Begin PBXNativeTarget section */
		B5A087CE25A87F2F00841445 /* 08_animatedSplashScreen */ = {
			isa = PBXNativeTarget;
			buildConfigurationList = B5A087DE25A87F3700841445 /* Build configuration list for PBXNativeTarget "08_animatedSplashScreen" */;
			buildPhases = (
				4E137D2CA97353CD1A2F1EB2 /* [CP] Check Pods Manifest.lock */,
				B5A087CB25A87F2F00841445 /* Sources */,
				B5A087CC25A87F2F00841445 /* Frameworks */,
				B5A087CD25A87F2F00841445 /* Resources */,
				9BA2F01953CFE76AF385FB17 /* [CP] Embed Pods Frameworks */,
			);
			buildRules = (
			);
			dependencies = (
			);
			name = 08_animatedSplashScreen;
			productName = 08_animatedSplashScreen;
			productReference = B5A087CF25A87F2F00841445 /* 08_animatedSplashScreen.app */;
			productType = "com.apple.product-type.application";
		};
/* End PBXNativeTarget section */

/* Begin PBXProject section */
		B5A087C725A87F2F00841445 /* Project object */ = {
			isa = PBXProject;
			attributes = {
				LastSwiftUpdateCheck = 1230;
				LastUpgradeCheck = 1230;
				TargetAttributes = {
					B5A087CE25A87F2F00841445 = {
						CreatedOnToolsVersion = 12.3;
					};
				};
			};
			buildConfigurationList = B5A087CA25A87F2F00841445 /* Build configuration list for PBXProject "08_animatedSplashScreen" */;
			compatibilityVersion = "Xcode 9.3";
			developmentRegion = en;
			hasScannedForEncodings = 0;
			knownRegions = (
				en,
				Base,
			);
			mainGroup = B5A087C625A87F2F00841445;
			productRefGroup = B5A087D025A87F2F00841445 /* Products */;
			projectDirPath = "";
			projectRoot = "";
			targets = (
				B5A087CE25A87F2F00841445 /* 08_animatedSplashScreen */,
			);
		};
/* End PBXProject section */

/* Begin PBXResourcesBuildPhase section */
		B5A087CD25A87F2F00841445 /* Resources */ = {
			isa = PBXResourcesBuildPhase;
			buildActionMask = 2147483647;
			files = (
				B5A087DA25A87F3700841445 /* Preview Assets.xcassets in Resources */,
				B504DB6925A88B6500F5AA62 /* yoga.json in Resources */,
				B5A087D725A87F3700841445 /* Assets.xcassets in Resources */,
				B5A087E725A8823400841445 /* splash.json in Resources */,
			);
			runOnlyForDeploymentPostprocessing = 0;
		};
/* End PBXResourcesBuildPhase section */

/* Begin PBXShellScriptBuildPhase section */
		4E137D2CA97353CD1A2F1EB2 /* [CP] Check Pods Manifest.lock */ = {
			isa = PBXShellScriptBuildPhase;
			buildActionMask = 2147483647;
			files = (
			);
			inputFileListPaths = (
			);
			inputPaths = (
				"${PODS_PODFILE_DIR_PATH}/Podfile.lock",
				"${PODS_ROOT}/Manifest.lock",
			);
			name = "[CP] Check Pods Manifest.lock";
			outputFileListPaths = (
			);
			outputPaths = (
				"$(DERIVED_FILE_DIR)/Pods-08_animatedSplashScreen-checkManifestLockResult.txt",
			);
			runOnlyForDeploymentPostprocessing = 0;
			shellPath = /bin/sh;
			shellScript = "diff \"${PODS_PODFILE_DIR_PATH}/Podfile.lock\" \"${PODS_ROOT}/Manifest.lock\" > /dev/null\nif [ $? != 0 ] ; then\n    # print error to STDERR\n    echo \"error: The sandbox is not in sync with the Podfile.lock. Run 'pod install' or update your CocoaPods installation.\" >&2\n    exit 1\nfi\n# This output is used by Xcode 'outputs' to avoid re-running this script phase.\necho \"SUCCESS\" > \"${SCRIPT_OUTPUT_FILE_0}\"\n";
			showEnvVarsInLog = 0;
		};
		9BA2F01953CFE76AF385FB17 /* [CP] Embed Pods Frameworks */ = {
			isa = PBXShellScriptBuildPhase;
			buildActionMask = 2147483647;
			files = (
			);
			inputFileListPaths = (
				"${PODS_ROOT}/Target Support Files/Pods-08_animatedSplashScreen/Pods-08_animatedSplashScreen-frameworks-${CONFIGURATION}-input-files.xcfilelist",
			);
			name = "[CP] Embed Pods Frameworks";
			outputFileListPaths = (
				"${PODS_ROOT}/Target Support Files/Pods-08_animatedSplashScreen/Pods-08_animatedSplashScreen-frameworks-${CONFIGURATION}-output-files.xcfilelist",
			);
			runOnlyForDeploymentPostprocessing = 0;
			shellPath = /bin/sh;
			shellScript = "\"${PODS_ROOT}/Target Support Files/Pods-08_animatedSplashScreen/Pods-08_animatedSplashScreen-frameworks.sh\"\n";
			showEnvVarsInLog = 0;
		};
/* End PBXShellScriptBuildPhase section */

/* Begin PBXSourcesBuildPhase section */
		B5A087CB25A87F2F00841445 /* Sources */ = {
			isa = PBXSourcesBuildPhase;
			buildActionMask = 2147483647;
			files = (
				B5A087D525A87F2F00841445 /* ContentView.swift in Sources */,
				B5A087D325A87F2F00841445 /* _8_animatedSplashScreenApp.swift in Sources */,
			);
			runOnlyForDeploymentPostprocessing = 0;
		};
/* End PBXSourcesBuildPhase section */

/* Begin XCBuildConfiguration section */
		B5A087DC25A87F3700841445 /* Debug */ = {
			isa = XCBuildConfiguration;
			buildSettings = {
				ALWAYS_SEARCH_USER_PATHS = NO;
				CLANG_ANALYZER_NONNULL = YES;
				CLANG_ANALYZER_NUMBER_OBJECT_CONVERSION = YES_AGGRESSIVE;
				CLANG_CXX_LANGUAGE_STANDARD = "gnu++14";
				CLANG_CXX_LIBRARY = "libc++";
				CLANG_ENABLE_MODULES = YES;
				CLANG_ENABLE_OBJC_ARC = YES;
				CLANG_ENABLE_OBJC_WEAK = YES;
				CLANG_WARN_BLOCK_CAPTURE_AUTORELEASING = YES;
				CLANG_WARN_BOOL_CONVERSION = YES;
				CLANG_WARN_COMMA = YES;
				CLANG_WARN_CONSTANT_CONVERSION = YES;
				CLANG_WARN_DEPRECATED_OBJC_IMPLEMENTATIONS = YES;
				CLANG_WARN_DIRECT_OBJC_ISA_USAGE = YES_ERROR;
				CLANG_WARN_DOCUMENTATION_COMMENTS = YES;
				CLANG_WARN_EMPTY_BODY = YES;
				CLANG_WARN_ENUM_CONVERSION = YES;
				CLANG_WARN_INFINITE_RECURSION = YES;
				CLANG_WARN_INT_CONVERSION = YES;
				CLANG_WARN_NON_LITERAL_NULL_CONVERSION = YES;
				CLANG_WARN_OBJC_IMPLICIT_RETAIN_SELF = YES;
				CLANG_WARN_OBJC_LITERAL_CONVERSION = YES;
				CLANG_WARN_OBJC_ROOT_CLASS = YES_ERROR;
				CLANG_WARN_QUOTED_INCLUDE_IN_FRAMEWORK_HEADER = YES;
				CLANG_WARN_RANGE_LOOP_ANALYSIS = YES;
				CLANG_WARN_STRICT_PROTOTYPES = YES;
				CLANG_WARN_SUSPICIOUS_MOVE = YES;
				CLANG_WARN_UNGUARDED_AVAILABILITY = YES_AGGRESSIVE;
				CLANG_WARN_UNREACHABLE_CODE = YES;
				CLANG_WARN__DUPLICATE_METHOD_MATCH = YES;
				COPY_PHASE_STRIP = NO;
				DEBUG_INFORMATION_FORMAT = dwarf;
				ENABLE_STRICT_OBJC_MSGSEND = YES;
				ENABLE_TESTABILITY = YES;
				GCC_C_LANGUAGE_STANDARD = gnu11;
				GCC_DYNAMIC_NO_PIC = NO;
				GCC_NO_COMMON_BLOCKS = YES;
				GCC_OPTIMIZATION_LEVEL = 0;
				GCC_PREPROCESSOR_DEFINITIONS = (
					"DEBUG=1",
					"$(inherited)",
				);
				GCC_WARN_64_TO_32_BIT_CONVERSION = YES;
				GCC_WARN_ABOUT_RETURN_TYPE = YES_ERROR;
				GCC_WARN_UNDECLARED_SELECTOR = YES;
				GCC_WARN_UNINITIALIZED_AUTOS = YES_AGGRESSIVE;
				GCC_WARN_UNUSED_FUNCTION = YES;
				GCC_WARN_UNUSED_VARIABLE = YES;
				IPHONEOS_DEPLOYMENT_TARGET = 14.3;
				MTL_ENABLE_DEBUG_INFO = INCLUDE_SOURCE;
				MTL_FAST_MATH = YES;
				ONLY_ACTIVE_ARCH = YES;
				SDKROOT = iphoneos;
				SWIFT_ACTIVE_COMPILATION_CONDITIONS = DEBUG;
				SWIFT_OPTIMIZATION_LEVEL = "-Onone";
			};
			name = Debug;
		};
		B5A087DD25A87F3700841445 /* Release */ = {
			isa = XCBuildConfiguration;
			buildSettings = {
				ALWAYS_SEARCH_USER_PATHS = NO;
				CLANG_ANALYZER_NONNULL = YES;
				CLANG_ANALYZER_NUMBER_OBJECT_CONVERSION = YES_AGGRESSIVE;
				CLANG_CXX_LANGUAGE_STANDARD = "gnu++14";
				CLANG_CXX_LIBRARY = "libc++";
				CLANG_ENABLE_MODULES = YES;
				CLANG_ENABLE_OBJC_ARC = YES;
				CLANG_ENABLE_OBJC_WEAK = YES;
				CLANG_WARN_BLOCK_CAPTURE_AUTORELEASING = YES;
				CLANG_WARN_BOOL_CONVERSION = YES;
				CLANG_WARN_COMMA = YES;
				CLANG_WARN_CONSTANT_CONVERSION = YES;
				CLANG_WARN_DEPRECATED_OBJC_IMPLEMENTATIONS = YES;
				CLANG_WARN_DIRECT_OBJC_ISA_USAGE = YES_ERROR;
				CLANG_WARN_DOCUMENTATION_COMMENTS = YES;
				CLANG_WARN_EMPTY_BODY = YES;
				CLANG_WARN_ENUM_CONVERSION = YES;
				CLANG_WARN_INFINITE_RECURSION = YES;
				CLANG_WARN_INT_CONVERSION = YES;
				CLANG_WARN_NON_LITERAL_NULL_CONVERSION = YES;
				CLANG_WARN_OBJC_IMPLICIT_RETAIN_SELF = YES;
				CLANG_WARN_OBJC_LITERAL_CONVERSION = YES;
				CLANG_WARN_OBJC_ROOT_CLASS = YES_ERROR;
				CLANG_WARN_QUOTED_INCLUDE_IN_FRAMEWORK_HEADER = YES;
				CLANG_WARN_RANGE_LOOP_ANALYSIS = YES;
				CLANG_WARN_STRICT_PROTOTYPES = YES;
				CLANG_WARN_SUSPICIOUS_MOVE = YES;
				CLANG_WARN_UNGUARDED_AVAILABILITY = YES_AGGRESSIVE;
				CLANG_WARN_UNREACHABLE_CODE = YES;
				CLANG_WARN__DUPLICATE_METHOD_MATCH = YES;
				COPY_PHASE_STRIP = NO;
				DEBUG_INFORMATION_FORMAT = "dwarf-with-dsym";
				ENABLE_NS_ASSERTIONS = NO;
				ENABLE_STRICT_OBJC_MSGSEND = YES;
				GCC_C_LANGUAGE_STANDARD = gnu11;
				GCC_NO_COMMON_BLOCKS = YES;
				GCC_WARN_64_TO_32_BIT_CONVERSION = YES;
				GCC_WARN_ABOUT_RETURN_TYPE = YES_ERROR;
				GCC_WARN_UNDECLARED_SELECTOR = YES;
				GCC_WARN_UNINITIALIZED_AUTOS = YES_AGGRESSIVE;
				GCC_WARN_UNUSED_FUNCTION = YES;
				GCC_WARN_UNUSED_VARIABLE = YES;
				IPHONEOS_DEPLOYMENT_TARGET = 14.3;
				MTL_ENABLE_DEBUG_INFO = NO;
				MTL_FAST_MATH = YES;
				SDKROOT = iphoneos;
				SWIFT_COMPILATION_MODE = wholemodule;
				SWIFT_OPTIMIZATION_LEVEL = "-O";
				VALIDATE_PRODUCT = YES;
			};
			name = Release;
		};
		B5A087DF25A87F3700841445 /* Debug */ = {
			isa = XCBuildConfiguration;
			baseConfigurationReference = D6C06E4A231102B8D1EA69C3 /* Pods-08_animatedSplashScreen.debug.xcconfig */;
			buildSettings = {
				ASSETCATALOG_COMPILER_APPICON_NAME = AppIcon;
				ASSETCATALOG_COMPILER_GLOBAL_ACCENT_COLOR_NAME = AccentColor;
				CODE_SIGN_STYLE = Automatic;
				DEVELOPMENT_ASSET_PATHS = "\"08_animatedSplashScreen/Preview Content\"";
				DEVELOPMENT_TEAM = 4YP5DUU8MU;
				ENABLE_PREVIEWS = YES;
				INFOPLIST_FILE = 08_animatedSplashScreen/Info.plist;
				IPHONEOS_DEPLOYMENT_TARGET = 14.0;
				LD_RUNPATH_SEARCH_PATHS = (
					"$(inherited)",
					"@executable_path/Frameworks",
				);
				PRODUCT_BUNDLE_IDENTIFIER = "com.emm.-8-animatedSplashScreen";
				PRODUCT_NAME = "$(TARGET_NAME)";
				SWIFT_VERSION = 5.0;
				TARGETED_DEVICE_FAMILY = "1,2";
			};
			name = Debug;
		};
		B5A087E025A87F3700841445 /* Release */ = {
			isa = XCBuildConfiguration;
			baseConfigurationReference = 509957A2ECA86F0D433EEE73 /* Pods-08_animatedSplashScreen.release.xcconfig */;
			buildSettings = {
				ASSETCATALOG_COMPILER_APPICON_NAME = AppIcon;
				ASSETCATALOG_COMPILER_GLOBAL_ACCENT_COLOR_NAME = AccentColor;
				CODE_SIGN_STYLE = Automatic;
				DEVELOPMENT_ASSET_PATHS = "\"08_animatedSplashScreen/Preview Content\"";
				DEVELOPMENT_TEAM = 4YP5DUU8MU;
				ENABLE_PREVIEWS = YES;
				INFOPLIST_FILE = 08_animatedSplashScreen/Info.plist;
				IPHONEOS_DEPLOYMENT_TARGET = 14.0;
				LD_RUNPATH_SEARCH_PATHS = (
					"$(inherited)",
					"@executable_path/Frameworks",
				);
				PRODUCT_BUNDLE_IDENTIFIER = "com.emm.-8-animatedSplashScreen";
				PRODUCT_NAME = "$(TARGET_NAME)";
				SWIFT_VERSION = 5.0;
				TARGETED_DEVICE_FAMILY = "1,2";
			};
			name = Release;
		};
/* End XCBuildConfiguration section */

/* Begin XCConfigurationList section */
		B5A087CA25A87F2F00841445 /* Build configuration list for PBXProject "08_animatedSplashScreen" */ = {
			isa = XCConfigurationList;
			buildConfigurations = (
				B5A087DC25A87F3700841445 /* Debug */,
				B5A087DD25A87F3700841445 /* Release */,
			);
			defaultConfigurationIsVisible = 0;
			defaultConfigurationName = Release;
		};
		B5A087DE25A87F3700841445 /* Build configuration list for PBXNativeTarget "08_animatedSplashScreen" */ = {
			isa = XCConfigurationList;
			buildConfigurations = (
				B5A087DF25A87F3700841445 /* Debug */,
				B5A087E025A87F3700841445 /* Release */,
			);
			defaultConfigurationIsVisible = 0;
			defaultConfigurationName = Release;
		};
/* End XCConfigurationList section */
	};
	rootObject = B5A087C725A87F2F00841445 /* Project object */;
}
